dependencies:
- name: openshift-logging
  repository: https://charts.stderr.at/
  version: 1.0.17
- name: helper-loki-bucket-secret
  repository: https://charts.stderr.at/
  version: 1.0.1
digest: sha256:338b1b33ac030d9b16863cc98b18463cde2b87adcf03f0c7fa2658a59269cfff
generated: "2023-11-05T04:27:04.41491+01:00"
