dependencies:
- name: openshift-logging
  repository: https://charts.stderr.at/
  version: 1.0.17
- name: helper-loki-bucket-secret
  repository: https://charts.stderr.at/
  version: 1.0.0
digest: sha256:a6340a55b8df7ae7bd11ac5008ff0f65e928d2cc8fd2716cf91a6c23de0cc3e5
generated: "2023-11-04T18:35:35.083181+01:00"
